
Microsoft Visual Studio Solution File, Format Version 12.00
# Visual Studio Version 17
VisualStudioVersion = 17.0.31912.275
MinimumVisualStudioVersion = 10.0.40219.1
Project("{9A19103F-16F7-4668-BE54-9A1E7A4F7556}") = "Vendor", "Vendor\Vendor.csproj", "{E518CD3F-ACAD-4A20-886A-02A1D9EF450A}"
	ProjectSection(ProjectDependencies) = postProject
		{DBC1FB85-2D1F-4C8C-B709-53DA0955566A} = {DBC1FB85-2D1F-4C8C-B709-53DA0955566A}
	EndProjectSection
EndProject
Project("{9A19103F-16F7-4668-BE54-9A1E7A4F7556}") = "Patron", "Patron\Patron.csproj", "{11C759CD-9E59-485E-9FB0-A2B608BDF931}"
	ProjectSection(ProjectDependencies) = postProject
		{DBC1FB85-2D1F-4C8C-B709-53DA0955566A} = {DBC1FB85-2D1F-4C8C-B709-53DA0955566A}
	EndProjectSection
EndProject
Project("{FAE04EC0-301F-11D3-BF4B-00C04F79EFBC}") = "Shared", "Shared\Shared.csproj", "{DBC1FB85-2D1F-4C8C-B709-53DA0955566A}"
EndProject
Global
	GlobalSection(SolutionConfigurationPlatforms) = preSolution
		Debug|Any CPU = Debug|Any CPU
		Release|Any CPU = Release|Any CPU
	EndGlobalSection
	GlobalSection(ProjectConfigurationPlatforms) = postSolution
		{E518CD3F-ACAD-4A20-886A-02A1D9EF450A}.Debug|Any CPU.ActiveCfg = Debug|Any CPU
		{E518CD3F-ACAD-4A20-886A-02A1D9EF450A}.Debug|Any CPU.Build.0 = Debug|Any CPU
		{E518CD3F-ACAD-4A20-886A-02A1D9EF450A}.Release|Any CPU.ActiveCfg = Release|Any CPU
		{E518CD3F-ACAD-4A20-886A-02A1D9EF450A}.Release|Any CPU.Build.0 = Release|Any CPU
		{11C759CD-9E59-485E-9FB0-A2B608BDF931}.Debug|Any CPU.ActiveCfg = Debug|Any CPU
		{11C759CD-9E59-485E-9FB0-A2B608BDF931}.Debug|Any CPU.Build.0 = Debug|Any CPU
		{11C759CD-9E59-485E-9FB0-A2B608BDF931}.Release|Any CPU.ActiveCfg = Release|Any CPU
		{11C759CD-9E59-485E-9FB0-A2B608BDF931}.Release|Any CPU.Build.0 = Release|Any CPU
		{DBC1FB85-2D1F-4C8C-B709-53DA0955566A}.Debug|Any CPU.ActiveCfg = Debug|Any CPU
		{DBC1FB85-2D1F-4C8C-B709-53DA0955566A}.Debug|Any CPU.Build.0 = Debug|Any CPU
		{DBC1FB85-2D1F-4C8C-B709-53DA0955566A}.Release|Any CPU.ActiveCfg = Release|Any CPU
		{DBC1FB85-2D1F-4C8C-B709-53DA0955566A}.Release|Any CPU.Build.0 = Release|Any CPU
	EndGlobalSection
	GlobalSection(SolutionProperties) = preSolution
		HideSolutionNode = FALSE
	EndGlobalSection
	GlobalSection(ExtensibilityGlobals) = postSolution
		SolutionGuid = {C7B0F9EF-7EC1-4784-A0BD-AC777B8DBE5C}
	EndGlobalSection
EndGlobal
